Microsoft Visual Studio Solution File, Format Version 12.00
# Visual Studio Version 17
VisualStudioVersion = 17.14.36518.9
MinimumVisualStudioVersion = 10.0.40219.1
Project("{FAE04EC0-301F-11D3-BF4B-00C04F79EFBC}") = "CRUDPractice.AppHost", "CRUDPractice.AppHost\CRUDPractice.AppHost.csproj", "{5F99CE3C-6253-4A8D-8088-544F74AADCE3}"
EndProject
Project("{FAE04EC0-301F-11D3-BF4B-00C04F79EFBC}") = "CRUDPractice.ServiceDefaults", "CRUDPractice.ServiceDefaults\CRUDPractice.ServiceDefaults.csproj", "{BE545C9C-6968-BD2C-AD1E-F48EE08FD84E}"
EndProject
Project("{FAE04EC0-301F-11D3-BF4B-00C04F79EFBC}") = "CRUDPractice.ApiService", "CRUDPractice.ApiService\CRUDPractice.ApiService.csproj", "{FC024925-451C-6334-982C-B5B13B509D0B}"
EndProject
Project("{FAE04EC0-301F-11D3-BF4B-00C04F79EFBC}") = "CRUDPractice.Web", "CRUDPractice.Web\CRUDPractice.Web.csproj", "{A0E8EDCD-F508-E39C-4B4C-D289D64E1428}"
EndProject
Project("{FAE04EC0-301F-11D3-BF4B-00C04F79EFBC}") = "BlazorApp.BL", "BlazorApp.BL\BlazorApp.BL.csproj", "{DA04BA1B-938F-4953-8C5E-13D5BE1308E7}"
EndProject
Project("{FAE04EC0-301F-11D3-BF4B-00C04F79EFBC}") = "BlazorApp.Model", "BlazorApp.Model\BlazorApp.Model.csproj", "{12F9E6FD-17DF-41E1-94B8-A5382C4F242F}"
EndProject
Project("{FAE04EC0-301F-11D3-BF4B-00C04F79EFBC}") = "BlazorApp.Database", "BlazorApp.Database\BlazorApp.Database.csproj", "{1440A899-FDFF-42B4-BE03-58432027F934}"
EndProject
Global
	GlobalSection(SolutionConfigurationPlatforms) = preSolution
		Debug|Any CPU = Debug|Any CPU
		Release|Any CPU = Release|Any CPU
	EndGlobalSection
	GlobalSection(ProjectConfigurationPlatforms) = postSolution
		{5F99CE3C-6253-4A8D-8088-544F74AADCE3}.Debug|Any CPU.ActiveCfg = Debug|Any CPU
		{5F99CE3C-6253-4A8D-8088-544F74AADCE3}.Debug|Any CPU.Build.0 = Debug|Any CPU
		{5F99CE3C-6253-4A8D-8088-544F74AADCE3}.Release|Any CPU.ActiveCfg = Release|Any CPU
		{5F99CE3C-6253-4A8D-8088-544F74AADCE3}.Release|Any CPU.Build.0 = Release|Any CPU
		{BE545C9C-6968-BD2C-AD1E-F48EE08FD84E}.Debug|Any CPU.ActiveCfg = Debug|Any CPU
		{BE545C9C-6968-BD2C-AD1E-F48EE08FD84E}.Debug|Any CPU.Build.0 = Debug|Any CPU
		{BE545C9C-6968-BD2C-AD1E-F48EE08FD84E}.Release|Any CPU.ActiveCfg = Release|Any CPU
		{BE545C9C-6968-BD2C-AD1E-F48EE08FD84E}.Release|Any CPU.Build.0 = Release|Any CPU
		{FC024925-451C-6334-982C-B5B13B509D0B}.Debug|Any CPU.ActiveCfg = Debug|Any CPU
		{FC024925-451C-6334-982C-B5B13B509D0B}.Debug|Any CPU.Build.0 = Debug|Any CPU
		{FC024925-451C-6334-982C-B5B13B509D0B}.Release|Any CPU.ActiveCfg = Release|Any CPU
		{FC024925-451C-6334-982C-B5B13B509D0B}.Release|Any CPU.Build.0 = Release|Any CPU
		{A0E8EDCD-F508-E39C-4B4C-D289D64E1428}.Debug|Any CPU.ActiveCfg = Debug|Any CPU
		{A0E8EDCD-F508-E39C-4B4C-D289D64E1428}.Debug|Any CPU.Build.0 = Debug|Any CPU
		{A0E8EDCD-F508-E39C-4B4C-D289D64E1428}.Release|Any CPU.ActiveCfg = Release|Any CPU
		{A0E8EDCD-F508-E39C-4B4C-D289D64E1428}.Release|Any CPU.Build.0 = Release|Any CPU
		{DA04BA1B-938F-4953-8C5E-13D5BE1308E7}.Debug|Any CPU.ActiveCfg = Debug|Any CPU
		{DA04BA1B-938F-4953-8C5E-13D5BE1308E7}.Debug|Any CPU.Build.0 = Debug|Any CPU
		{DA04BA1B-938F-4953-8C5E-13D5BE1308E7}.Release|Any CPU.ActiveCfg = Release|Any CPU
		{DA04BA1B-938F-4953-8C5E-13D5BE1308E7}.Release|Any CPU.Build.0 = Release|Any CPU
		{12F9E6FD-17DF-41E1-94B8-A5382C4F242F}.Debug|Any CPU.ActiveCfg = Debug|Any CPU
		{12F9E6FD-17DF-41E1-94B8-A5382C4F242F}.Debug|Any CPU.Build.0 = Debug|Any CPU
		{12F9E6FD-17DF-41E1-94B8-A5382C4F242F}.Release|Any CPU.ActiveCfg = Release|Any CPU
		{12F9E6FD-17DF-41E1-94B8-A5382C4F242F}.Release|Any CPU.Build.0 = Release|Any CPU
		{1440A899-FDFF-42B4-BE03-58432027F934}.Debug|Any CPU.ActiveCfg = Debug|Any CPU
		{1440A899-FDFF-42B4-BE03-58432027F934}.Debug|Any CPU.Build.0 = Debug|Any CPU
		{1440A899-FDFF-42B4-BE03-58432027F934}.Release|Any CPU.ActiveCfg = Release|Any CPU
		{1440A899-FDFF-42B4-BE03-58432027F934}.Release|Any CPU.Build.0 = Release|Any CPU
	EndGlobalSection
	GlobalSection(SolutionProperties) = preSolution
		HideSolutionNode = FALSE
	EndGlobalSection
	GlobalSection(ExtensibilityGlobals) = postSolution
		SolutionGuid = {6BCF49A4-305C-493F-9048-BE965B64B311}
	EndGlobalSection
EndGlobal
